
Microsoft Visual Studio Solution File, Format Version 12.00
# Visual Studio Version 17
VisualStudioVersion = 17.2.32616.157
MinimumVisualStudioVersion = 10.0.40219.1
Project("{9A19103F-16F7-4668-BE54-9A1E7A4F7556}") = "SafariParkApp", "SafariParkApp\SafariParkApp.csproj", "{0E517E1B-A76E-46E0-95D6-8D6E5A6882F8}"
EndProject
Project("{9A19103F-16F7-4668-BE54-9A1E7A4F7556}") = "SafariParkTests", "SafariParkTests\SafariParkTests.csproj", "{30DB1847-1DA9-4DB0-AFFD-0EB714EA8125}"
EndProject
Project("{9A19103F-16F7-4668-BE54-9A1E7A4F7556}") = "VehicleTests", "VehicleTests\VehicleTests.csproj", "{502D7B6B-C713-442C-9450-C911F828A0DD}"
EndProject
Project("{FAE04EC0-301F-11D3-BF4B-00C04F79EFBC}") = "AirplaneTests", "AirplaneTests\AirplaneTests.csproj", "{4F7E77BA-0C3F-48A4-A21B-ED3E19F94587}"
EndProject
Global
	GlobalSection(SolutionConfigurationPlatforms) = preSolution
		Debug|Any CPU = Debug|Any CPU
		Release|Any CPU = Release|Any CPU
	EndGlobalSection
	GlobalSection(ProjectConfigurationPlatforms) = postSolution
		{0E517E1B-A76E-46E0-95D6-8D6E5A6882F8}.Debug|Any CPU.ActiveCfg = Debug|Any CPU
		{0E517E1B-A76E-46E0-95D6-8D6E5A6882F8}.Debug|Any CPU.Build.0 = Debug|Any CPU
		{0E517E1B-A76E-46E0-95D6-8D6E5A6882F8}.Release|Any CPU.ActiveCfg = Release|Any CPU
		{0E517E1B-A76E-46E0-95D6-8D6E5A6882F8}.Release|Any CPU.Build.0 = Release|Any CPU
		{30DB1847-1DA9-4DB0-AFFD-0EB714EA8125}.Debug|Any CPU.ActiveCfg = Debug|Any CPU
		{30DB1847-1DA9-4DB0-AFFD-0EB714EA8125}.Debug|Any CPU.Build.0 = Debug|Any CPU
		{30DB1847-1DA9-4DB0-AFFD-0EB714EA8125}.Release|Any CPU.ActiveCfg = Release|Any CPU
		{30DB1847-1DA9-4DB0-AFFD-0EB714EA8125}.Release|Any CPU.Build.0 = Release|Any CPU
		{502D7B6B-C713-442C-9450-C911F828A0DD}.Debug|Any CPU.ActiveCfg = Debug|Any CPU
		{502D7B6B-C713-442C-9450-C911F828A0DD}.Debug|Any CPU.Build.0 = Debug|Any CPU
		{502D7B6B-C713-442C-9450-C911F828A0DD}.Release|Any CPU.ActiveCfg = Release|Any CPU
		{502D7B6B-C713-442C-9450-C911F828A0DD}.Release|Any CPU.Build.0 = Release|Any CPU
		{4F7E77BA-0C3F-48A4-A21B-ED3E19F94587}.Debug|Any CPU.ActiveCfg = Debug|Any CPU
		{4F7E77BA-0C3F-48A4-A21B-ED3E19F94587}.Debug|Any CPU.Build.0 = Debug|Any CPU
		{4F7E77BA-0C3F-48A4-A21B-ED3E19F94587}.Release|Any CPU.ActiveCfg = Release|Any CPU
		{4F7E77BA-0C3F-48A4-A21B-ED3E19F94587}.Release|Any CPU.Build.0 = Release|Any CPU
	EndGlobalSection
	GlobalSection(SolutionProperties) = preSolution
		HideSolutionNode = FALSE
	EndGlobalSection
	GlobalSection(ExtensibilityGlobals) = postSolution
		SolutionGuid = {2F4C30F3-6833-46D5-8863-A5411E4309E6}
	EndGlobalSection
EndGlobal
