
Microsoft Visual Studio Solution File, Format Version 12.00
# Visual Studio Version 17
VisualStudioVersion = 17.2.32616.157
MinimumVisualStudioVersion = 10.0.40219.1
Project("{FAE04EC0-301F-11D3-BF4B-00C04F79EFBC}") = "SeleniumIntroApp", "SeleniumIntroApp\SeleniumIntroApp.csproj", "{F4BD94BA-E317-4D9D-974A-C07290A45095}"
EndProject
Global
	GlobalSection(SolutionConfigurationPlatforms) = preSolution
		Debug|Any CPU = Debug|Any CPU
		Release|Any CPU = Release|Any CPU
	EndGlobalSection
	GlobalSection(ProjectConfigurationPlatforms) = postSolution
		{F4BD94BA-E317-4D9D-974A-C07290A45095}.Debug|Any CPU.ActiveCfg = Debug|Any CPU
		{F4BD94BA-E317-4D9D-974A-C07290A45095}.Debug|Any CPU.Build.0 = Debug|Any CPU
		{F4BD94BA-E317-4D9D-974A-C07290A45095}.Release|Any CPU.ActiveCfg = Release|Any CPU
		{F4BD94BA-E317-4D9D-974A-C07290A45095}.Release|Any CPU.Build.0 = Release|Any CPU
	EndGlobalSection
	GlobalSection(SolutionProperties) = preSolution
		HideSolutionNode = FALSE
	EndGlobalSection
	GlobalSection(ExtensibilityGlobals) = postSolution
		SolutionGuid = {90168552-8657-4BE2-B97C-B7248066B4D8}
	EndGlobalSection
EndGlobal
