
Microsoft Visual Studio Solution File, Format Version 12.00
# Visual Studio Version 17
VisualStudioVersion = 17.2.32616.157
MinimumVisualStudioVersion = 10.0.40219.1
Project("{FAE04EC0-301F-11D3-BF4B-00C04F79EFBC}") = "ExceptionsApp", "ExceptionsApp\ExceptionsApp.csproj", "{4E1664FB-A963-4BD1-AD83-628DB514FD7D}"
EndProject
Project("{FAE04EC0-301F-11D3-BF4B-00C04F79EFBC}") = "ExceptionsTests", "ExceptionsTests\ExceptionsTests.csproj", "{C6BB47B5-4564-4A7A-9BA8-2B25633D6C29}"
EndProject
Global
	GlobalSection(SolutionConfigurationPlatforms) = preSolution
		Debug|Any CPU = Debug|Any CPU
		Release|Any CPU = Release|Any CPU
	EndGlobalSection
	GlobalSection(ProjectConfigurationPlatforms) = postSolution
		{4E1664FB-A963-4BD1-AD83-628DB514FD7D}.Debug|Any CPU.ActiveCfg = Debug|Any CPU
		{4E1664FB-A963-4BD1-AD83-628DB514FD7D}.Debug|Any CPU.Build.0 = Debug|Any CPU
		{4E1664FB-A963-4BD1-AD83-628DB514FD7D}.Release|Any CPU.ActiveCfg = Release|Any CPU
		{4E1664FB-A963-4BD1-AD83-628DB514FD7D}.Release|Any CPU.Build.0 = Release|Any CPU
		{C6BB47B5-4564-4A7A-9BA8-2B25633D6C29}.Debug|Any CPU.ActiveCfg = Debug|Any CPU
		{C6BB47B5-4564-4A7A-9BA8-2B25633D6C29}.Debug|Any CPU.Build.0 = Debug|Any CPU
		{C6BB47B5-4564-4A7A-9BA8-2B25633D6C29}.Release|Any CPU.ActiveCfg = Release|Any CPU
		{C6BB47B5-4564-4A7A-9BA8-2B25633D6C29}.Release|Any CPU.Build.0 = Release|Any CPU
	EndGlobalSection
	GlobalSection(SolutionProperties) = preSolution
		HideSolutionNode = FALSE
	EndGlobalSection
	GlobalSection(ExtensibilityGlobals) = postSolution
		SolutionGuid = {CDA70DD8-1AED-4DEA-BB82-CA6DB5734A53}
	EndGlobalSection
EndGlobal
