
Microsoft Visual Studio Solution File, Format Version 12.00
# Visual Studio Version 17
VisualStudioVersion = 17.2.32616.157
MinimumVisualStudioVersion = 10.0.40219.1
Project("{FAE04EC0-301F-11D3-BF4B-00C04F79EFBC}") = "CalculatorKataApp", "CalculatorKataApp\CalculatorKataApp.csproj", "{706C466D-8AF3-42CD-A262-BCFA873E913E}"
EndProject
Global
	GlobalSection(SolutionConfigurationPlatforms) = preSolution
		Debug|Any CPU = Debug|Any CPU
		Release|Any CPU = Release|Any CPU
	EndGlobalSection
	GlobalSection(ProjectConfigurationPlatforms) = postSolution
		{706C466D-8AF3-42CD-A262-BCFA873E913E}.Debug|Any CPU.ActiveCfg = Debug|Any CPU
		{706C466D-8AF3-42CD-A262-BCFA873E913E}.Debug|Any CPU.Build.0 = Debug|Any CPU
		{706C466D-8AF3-42CD-A262-BCFA873E913E}.Release|Any CPU.ActiveCfg = Release|Any CPU
		{706C466D-8AF3-42CD-A262-BCFA873E913E}.Release|Any CPU.Build.0 = Release|Any CPU
	EndGlobalSection
	GlobalSection(SolutionProperties) = preSolution
		HideSolutionNode = FALSE
	EndGlobalSection
	GlobalSection(ExtensibilityGlobals) = postSolution
		SolutionGuid = {47C7C691-19FA-47CC-BCC5-CCAB2D29BF40}
	EndGlobalSection
EndGlobal
